Microsoft Visual Studio Solution File, Format Version 12.00
# Visual Studio Version 17
VisualStudioVersion = 17.0.31903.59
MinimumVisualStudioVersion = 10.0.40219.1
Project("{FAE04EC0-301F-11D3-BF4B-00C04F79EFBC}") = "MyOs.ServiceManager", "src\MyOs.ServiceManager\MyOs.ServiceManager.csproj", "{0B396B14-B5CF-49AE-8E12-B668A7C52D44}"
EndProject
Project("{FAE04EC0-301F-11D3-BF4B-00C04F79EFBC}") = "MyOs.Shell", "src\MyOs.Shell\MyOs.Shell.csproj", "{A610CDEE-8599-41A2-860A-3420DF4AA7E1}"
EndProject
Project("{FAE04EC0-301F-11D3-BF4B-00C04F79EFBC}") = "MyOs.Ipc", "src\MyOs.Ipc\MyOs.Ipc.csproj", "{78AA0305-2E8C-48AB-9D9F-D5854A13E095}"
EndProject
Project("{FAE04EC0-301F-11D3-BF4B-00C04F79EFBC}") = "MyOs.Sdk", "src\MyOs.Sdk\MyOs.Sdk.csproj", "{7D746626-33EF-4A8B-9436-5B22D7A8B6E0}"
EndProject
Project("{FAE04EC0-301F-11D3-BF4B-00C04F79EFBC}") = "HWorld", "src\Apps\HWorld\HWorld.csproj", "{13E14B30-782F-44DF-B974-22F5944339E4}"
EndProject
Project("{FAE04EC0-301F-11D3-BF4B-00C04F79EFBC}") = "MyOs.Core", "src\MyOs.Core\MyOs.Core.csproj", "{D3C91227-D5C7-424B-92C5-0E2101198605}"
EndProject
Project("{FAE04EC0-301F-11D3-BF4B-00C04F79EFBC}") = "MyOs.Services", "src\MyOs.Services\MyOs.Services.csproj", "{473ADFA9-2717-45BB-8DB9-9D3CB3D5E176}"
EndProject
Project("{FAE04EC0-301F-11D3-BF4B-00C04F79EFBC}") = "MyOs.DeviceManager", "src\MyOs.DeviceManager\MyOs.DeviceManager.csproj", "{B406B1D7-7684-45A7-BAD7-55BB3400068F}"
EndProject
Global
	GlobalSection(SolutionConfigurationPlatforms) = preSolution
		Debug|Any CPU = Debug|Any CPU
		Release|Any CPU = Release|Any CPU
	EndGlobalSection
	GlobalSection(ProjectConfigurationPlatforms) = postSolution
		{0B396B14-B5CF-49AE-8E12-B668A7C52D44}.Debug|Any CPU.ActiveCfg = Debug|Any CPU
		{0B396B14-B5CF-49AE-8E12-B668A7C52D44}.Debug|Any CPU.Build.0 = Debug|Any CPU
		{0B396B14-B5CF-49AE-8E12-B668A7C52D44}.Release|Any CPU.ActiveCfg = Release|Any CPU
		{0B396B14-B5CF-49AE-8E12-B668A7C52D44}.Release|Any CPU.Build.0 = Release|Any CPU
		{A610CDEE-8599-41A2-860A-3420DF4AA7E1}.Debug|Any CPU.ActiveCfg = Debug|Any CPU
		{A610CDEE-8599-41A2-860A-3420DF4AA7E1}.Debug|Any CPU.Build.0 = Debug|Any CPU
		{A610CDEE-8599-41A2-860A-3420DF4AA7E1}.Release|Any CPU.ActiveCfg = Release|Any CPU
		{A610CDEE-8599-41A2-860A-3420DF4AA7E1}.Release|Any CPU.Build.0 = Release|Any CPU
		{78AA0305-2E8C-48AB-9D9F-D5854A13E095}.Debug|Any CPU.ActiveCfg = Debug|Any CPU
		{78AA0305-2E8C-48AB-9D9F-D5854A13E095}.Debug|Any CPU.Build.0 = Debug|Any CPU
		{78AA0305-2E8C-48AB-9D9F-D5854A13E095}.Release|Any CPU.ActiveCfg = Release|Any CPU
		{78AA0305-2E8C-48AB-9D9F-D5854A13E095}.Release|Any CPU.Build.0 = Release|Any CPU
		{7D746626-33EF-4A8B-9436-5B22D7A8B6E0}.Debug|Any CPU.ActiveCfg = Debug|Any CPU
		{7D746626-33EF-4A8B-9436-5B22D7A8B6E0}.Debug|Any CPU.Build.0 = Debug|Any CPU
		{7D746626-33EF-4A8B-9436-5B22D7A8B6E0}.Release|Any CPU.ActiveCfg = Release|Any CPU
		{7D746626-33EF-4A8B-9436-5B22D7A8B6E0}.Release|Any CPU.Build.0 = Release|Any CPU
		{13E14B30-782F-44DF-B974-22F5944339E4}.Debug|Any CPU.ActiveCfg = Debug|Any CPU
		{13E14B30-782F-44DF-B974-22F5944339E4}.Debug|Any CPU.Build.0 = Debug|Any CPU
		{13E14B30-782F-44DF-B974-22F5944339E4}.Release|Any CPU.ActiveCfg = Release|Any CPU
		{13E14B30-782F-44DF-B974-22F5944339E4}.Release|Any CPU.Build.0 = Release|Any CPU
		{D3C91227-D5C7-424B-92C5-0E2101198605}.Debug|Any CPU.ActiveCfg = Debug|Any CPU
		{D3C91227-D5C7-424B-92C5-0E2101198605}.Debug|Any CPU.Build.0 = Debug|Any CPU
		{D3C91227-D5C7-424B-92C5-0E2101198605}.Release|Any CPU.ActiveCfg = Release|Any CPU
		{D3C91227-D5C7-424B-92C5-0E2101198605}.Release|Any CPU.Build.0 = Release|Any CPU
		{473ADFA9-2717-45BB-8DB9-9D3CB3D5E176}.Debug|Any CPU.ActiveCfg = Debug|Any CPU
		{473ADFA9-2717-45BB-8DB9-9D3CB3D5E176}.Debug|Any CPU.Build.0 = Debug|Any CPU
		{473ADFA9-2717-45BB-8DB9-9D3CB3D5E176}.Release|Any CPU.ActiveCfg = Release|Any CPU
		{473ADFA9-2717-45BB-8DB9-9D3CB3D5E176}.Release|Any CPU.Build.0 = Release|Any CPU
		{B406B1D7-7684-45A7-BAD7-55BB3400068F}.Debug|Any CPU.ActiveCfg = Debug|Any CPU
		{B406B1D7-7684-45A7-BAD7-55BB3400068F}.Debug|Any CPU.Build.0 = Debug|Any CPU
		{B406B1D7-7684-45A7-BAD7-55BB3400068F}.Release|Any CPU.ActiveCfg = Release|Any CPU
		{B406B1D7-7684-45A7-BAD7-55BB3400068F}.Release|Any CPU.Build.0 = Release|Any CPU
	EndGlobalSection
	GlobalSection(SolutionProperties) = preSolution
		HideSolutionNode = FALSE
	EndGlobalSection
EndGlobal
